
Microsoft Visual Studio Solution File, Format Version 12.00
# Visual Studio Version 17
VisualStudioVersion = 17.3.32825.248
MinimumVisualStudioVersion = 10.0.40219.1
Project("{9A19103F-16F7-4668-BE54-9A1E7A4F7556}") = "HashTableHBA", "HashTableHBA\HashTableHBA.csproj", "{7EB0B798-1D09-4B49-8764-CAE6CDDCDC8E}"
EndProject
Project("{9A19103F-16F7-4668-BE54-9A1E7A4F7556}") = "TestHashTableFunctions", "TestHashTableFunctions\TestHashTableFunctions.csproj", "{310EE55B-EA19-4DED-8C2F-41551E1A0CE5}"
EndProject
Project("{9A19103F-16F7-4668-BE54-9A1E7A4F7556}") = "Section5", "Section5\Section5.csproj", "{1B5BBDFB-A138-41F2-8C86-18F4676AD753}"
EndProject
Project("{FAE04EC0-301F-11D3-BF4B-00C04F79EFBC}") = "TestSection5", "TestSection5\TestSection5.csproj", "{9CA6A87A-122C-4F5A-AAA2-46A7159399C9}"
EndProject
Global
	GlobalSection(SolutionConfigurationPlatforms) = preSolution
		Debug|Any CPU = Debug|Any CPU
		Release|Any CPU = Release|Any CPU
	EndGlobalSection
	GlobalSection(ProjectConfigurationPlatforms) = postSolution
		{7EB0B798-1D09-4B49-8764-CAE6CDDCDC8E}.Debug|Any CPU.ActiveCfg = Debug|Any CPU
		{7EB0B798-1D09-4B49-8764-CAE6CDDCDC8E}.Debug|Any CPU.Build.0 = Debug|Any CPU
		{7EB0B798-1D09-4B49-8764-CAE6CDDCDC8E}.Release|Any CPU.ActiveCfg = Release|Any CPU
		{7EB0B798-1D09-4B49-8764-CAE6CDDCDC8E}.Release|Any CPU.Build.0 = Release|Any CPU
		{310EE55B-EA19-4DED-8C2F-41551E1A0CE5}.Debug|Any CPU.ActiveCfg = Debug|Any CPU
		{310EE55B-EA19-4DED-8C2F-41551E1A0CE5}.Debug|Any CPU.Build.0 = Debug|Any CPU
		{310EE55B-EA19-4DED-8C2F-41551E1A0CE5}.Release|Any CPU.ActiveCfg = Release|Any CPU
		{310EE55B-EA19-4DED-8C2F-41551E1A0CE5}.Release|Any CPU.Build.0 = Release|Any CPU
		{1B5BBDFB-A138-41F2-8C86-18F4676AD753}.Debug|Any CPU.ActiveCfg = Debug|Any CPU
		{1B5BBDFB-A138-41F2-8C86-18F4676AD753}.Debug|Any CPU.Build.0 = Debug|Any CPU
		{1B5BBDFB-A138-41F2-8C86-18F4676AD753}.Release|Any CPU.ActiveCfg = Release|Any CPU
		{1B5BBDFB-A138-41F2-8C86-18F4676AD753}.Release|Any CPU.Build.0 = Release|Any CPU
		{9CA6A87A-122C-4F5A-AAA2-46A7159399C9}.Debug|Any CPU.ActiveCfg = Debug|Any CPU
		{9CA6A87A-122C-4F5A-AAA2-46A7159399C9}.Debug|Any CPU.Build.0 = Debug|Any CPU
		{9CA6A87A-122C-4F5A-AAA2-46A7159399C9}.Release|Any CPU.ActiveCfg = Release|Any CPU
		{9CA6A87A-122C-4F5A-AAA2-46A7159399C9}.Release|Any CPU.Build.0 = Release|Any CPU
	EndGlobalSection
	GlobalSection(SolutionProperties) = preSolution
		HideSolutionNode = FALSE
	EndGlobalSection
	GlobalSection(ExtensibilityGlobals) = postSolution
		SolutionGuid = {9FA5088B-6FE5-4A59-B7EE-78AA71D8EF1A}
	EndGlobalSection
EndGlobal
